
Microsoft Visual Studio Solution File, Format Version 12.00
# Visual Studio Version 16
VisualStudioVersion = 16.0.31624.102
MinimumVisualStudioVersion = 10.0.40219.1
Project("{FAE04EC0-301F-11D3-BF4B-00C04F79EFBC}") = "InventoryAPI", "InventoryAPI\InventoryAPI.csproj", "{E7275C5D-07E5-4E30-B2A8-77A2C2621951}"
EndProject
Global
	GlobalSection(SolutionConfigurationPlatforms) = preSolution
		Debug|Any CPU = Debug|Any CPU
		Release|Any CPU = Release|Any CPU
	EndGlobalSection
	GlobalSection(ProjectConfigurationPlatforms) = postSolution
		{E7275C5D-07E5-4E30-B2A8-77A2C2621951}.Debug|Any CPU.ActiveCfg = Debug|Any CPU
		{E7275C5D-07E5-4E30-B2A8-77A2C2621951}.Debug|Any CPU.Build.0 = Debug|Any CPU
		{E7275C5D-07E5-4E30-B2A8-77A2C2621951}.Release|Any CPU.ActiveCfg = Release|Any CPU
		{E7275C5D-07E5-4E30-B2A8-77A2C2621951}.Release|Any CPU.Build.0 = Release|Any CPU
	EndGlobalSection
	GlobalSection(SolutionProperties) = preSolution
		HideSolutionNode = FALSE
	EndGlobalSection
	GlobalSection(ExtensibilityGlobals) = postSolution
		SolutionGuid = {4EDE1529-B4D0-4D4A-A817-AA070B57F5E7}
	EndGlobalSection
EndGlobal
